
Microsoft Visual Studio Solution File, Format Version 12.00
# Visual Studio 2013
VisualStudioVersion = 12.0.30110.0
MinimumVisualStudioVersion = 10.0.40219.1
Project("{FAE04EC0-301F-11D3-BF4B-00C04F79EFBC}") = "watch", "watch\watch.csproj", "{F84BE48C-6303-4135-9D96-641B3A88A4D3}"
EndProject
Project("{FAE04EC0-301F-11D3-BF4B-00C04F79EFBC}") = "watch.model", "watch.model\watch.model.csproj", "{960ADD12-0618-47C5-9C9A-22D3934BFF62}"
EndProject
Global
	GlobalSection(SolutionConfigurationPlatforms) = preSolution
		Debug|Any CPU = Debug|Any CPU
		Release|Any CPU = Release|Any CPU
	EndGlobalSection
	GlobalSection(ProjectConfigurationPlatforms) = postSolution
		{F84BE48C-6303-4135-9D96-641B3A88A4D3}.Debug|Any CPU.ActiveCfg = Debug|Any CPU
		{F84BE48C-6303-4135-9D96-641B3A88A4D3}.Debug|Any CPU.Build.0 = Debug|Any CPU
		{F84BE48C-6303-4135-9D96-641B3A88A4D3}.Release|Any CPU.ActiveCfg = Release|Any CPU
		{F84BE48C-6303-4135-9D96-641B3A88A4D3}.Release|Any CPU.Build.0 = Release|Any CPU
		{960ADD12-0618-47C5-9C9A-22D3934BFF62}.Debug|Any CPU.ActiveCfg = Debug|Any CPU
		{960ADD12-0618-47C5-9C9A-22D3934BFF62}.Debug|Any CPU.Build.0 = Debug|Any CPU
		{960ADD12-0618-47C5-9C9A-22D3934BFF62}.Release|Any CPU.ActiveCfg = Release|Any CPU
		{960ADD12-0618-47C5-9C9A-22D3934BFF62}.Release|Any CPU.Build.0 = Release|Any CPU
	EndGlobalSection
	GlobalSection(SolutionProperties) = preSolution
		HideSolutionNode = FALSE
	EndGlobalSection
EndGlobal
